
Microsoft Visual Studio Solution File, Format Version 12.00
# Visual Studio Version 16
VisualStudioVersion = 16.0.30320.27
MinimumVisualStudioVersion = 10.0.40219.1
Project("{2150E333-8FDC-42A3-9474-1A3956D46DE8}") = "0 - Presentation", "0 - Presentation", "{63A1263F-D305-410F-8246-D7CEC0B2C39F}"
EndProject
Project("{2150E333-8FDC-42A3-9474-1A3956D46DE8}") = "1 - Services", "1 - Services", "{116739F0-896A-437A-AA93-C55D441A84E5}"
EndProject
Project("{2150E333-8FDC-42A3-9474-1A3956D46DE8}") = "2 - Application", "2 - Application", "{6B823F80-489C-486E-BB55-6F5155B8CDAD}"
EndProject
Project("{2150E333-8FDC-42A3-9474-1A3956D46DE8}") = "3 - Domain", "3 - Domain", "{BB22F3A0-E00F-4B8E-A483-EF4F1EBDFAF6}"
EndProject
Project("{2150E333-8FDC-42A3-9474-1A3956D46DE8}") = "4 - Infraestruture", "4 - Infraestruture", "{999DEDDD-0878-464A-8DDD-9C56E06A3E20}"
EndProject
Project("{2150E333-8FDC-42A3-9474-1A3956D46DE8}") = "Data", "Data", "{E94338A3-70B1-4BC4-B984-D8AEA96E7AD4}"
EndProject
Project("{2150E333-8FDC-42A3-9474-1A3956D46DE8}") = "CrossCutting", "CrossCutting", "{5C35440F-75A2-40DC-8E91-9C68DCDF754F}"
EndProject
Project("{FAE04EC0-301F-11D3-BF4B-00C04F79EFBC}") = "NexuscsChallenge.mvc", "NexuscsChallenge.mvc\NexuscsChallenge.mvc.csproj", "{715E6FEE-48F7-4FE3-8788-C14CDA80454F}"
EndProject
Project("{FAE04EC0-301F-11D3-BF4B-00C04F79EFBC}") = "NexuscsChallenge.application", "NexuscsChallenge.application\NexuscsChallenge.application.csproj", "{F032623B-5F06-4ACE-B5C0-D45D1D3BCEE0}"
EndProject
Project("{FAE04EC0-301F-11D3-BF4B-00C04F79EFBC}") = "NexocsChallenge.Domain", "NexocsChallenge.Domain\NexocsChallenge.Domain.csproj", "{2369FDEF-3AC6-4421-B997-06AB50B584E9}"
EndProject
Project("{FAE04EC0-301F-11D3-BF4B-00C04F79EFBC}") = "NexuscsChallenge.Infraestrutura.data", "NexuscsChallenge.Infraestrutura.data\NexuscsChallenge.Infraestrutura.data.csproj", "{A1F7C195-FE1F-4F77-A317-63396311AFDE}"
EndProject
Global
	GlobalSection(SolutionConfigurationPlatforms) = preSolution
		Debug|Any CPU = Debug|Any CPU
		Release|Any CPU = Release|Any CPU
	EndGlobalSection
	GlobalSection(ProjectConfigurationPlatforms) = postSolution
		{715E6FEE-48F7-4FE3-8788-C14CDA80454F}.Debug|Any CPU.ActiveCfg = Debug|Any CPU
		{715E6FEE-48F7-4FE3-8788-C14CDA80454F}.Debug|Any CPU.Build.0 = Debug|Any CPU
		{715E6FEE-48F7-4FE3-8788-C14CDA80454F}.Release|Any CPU.ActiveCfg = Release|Any CPU
		{715E6FEE-48F7-4FE3-8788-C14CDA80454F}.Release|Any CPU.Build.0 = Release|Any CPU
		{F032623B-5F06-4ACE-B5C0-D45D1D3BCEE0}.Debug|Any CPU.ActiveCfg = Debug|Any CPU
		{F032623B-5F06-4ACE-B5C0-D45D1D3BCEE0}.Debug|Any CPU.Build.0 = Debug|Any CPU
		{F032623B-5F06-4ACE-B5C0-D45D1D3BCEE0}.Release|Any CPU.ActiveCfg = Release|Any CPU
		{F032623B-5F06-4ACE-B5C0-D45D1D3BCEE0}.Release|Any CPU.Build.0 = Release|Any CPU
		{2369FDEF-3AC6-4421-B997-06AB50B584E9}.Debug|Any CPU.ActiveCfg = Debug|Any CPU
		{2369FDEF-3AC6-4421-B997-06AB50B584E9}.Debug|Any CPU.Build.0 = Debug|Any CPU
		{2369FDEF-3AC6-4421-B997-06AB50B584E9}.Release|Any CPU.ActiveCfg = Release|Any CPU
		{2369FDEF-3AC6-4421-B997-06AB50B584E9}.Release|Any CPU.Build.0 = Release|Any CPU
		{A1F7C195-FE1F-4F77-A317-63396311AFDE}.Debug|Any CPU.ActiveCfg = Debug|Any CPU
		{A1F7C195-FE1F-4F77-A317-63396311AFDE}.Debug|Any CPU.Build.0 = Debug|Any CPU
		{A1F7C195-FE1F-4F77-A317-63396311AFDE}.Release|Any CPU.ActiveCfg = Release|Any CPU
		{A1F7C195-FE1F-4F77-A317-63396311AFDE}.Release|Any CPU.Build.0 = Release|Any CPU
	EndGlobalSection
	GlobalSection(SolutionProperties) = preSolution
		HideSolutionNode = FALSE
	EndGlobalSection
	GlobalSection(NestedProjects) = preSolution
		{E94338A3-70B1-4BC4-B984-D8AEA96E7AD4} = {999DEDDD-0878-464A-8DDD-9C56E06A3E20}
		{5C35440F-75A2-40DC-8E91-9C68DCDF754F} = {999DEDDD-0878-464A-8DDD-9C56E06A3E20}
		{715E6FEE-48F7-4FE3-8788-C14CDA80454F} = {63A1263F-D305-410F-8246-D7CEC0B2C39F}
		{F032623B-5F06-4ACE-B5C0-D45D1D3BCEE0} = {6B823F80-489C-486E-BB55-6F5155B8CDAD}
		{2369FDEF-3AC6-4421-B997-06AB50B584E9} = {BB22F3A0-E00F-4B8E-A483-EF4F1EBDFAF6}
		{A1F7C195-FE1F-4F77-A317-63396311AFDE} = {E94338A3-70B1-4BC4-B984-D8AEA96E7AD4}
	EndGlobalSection
	GlobalSection(ExtensibilityGlobals) = postSolution
		SolutionGuid = {8252ACA7-865F-47BE-9382-35EF4674A268}
	EndGlobalSection
EndGlobal
